
Microsoft Visual Studio Solution File, Format Version 12.00
# Visual Studio Version 17
VisualStudioVersion = 17.3.32929.385
MinimumVisualStudioVersion = 10.0.40219.1
Project("{FAE04EC0-301F-11D3-BF4B-00C04F79EFBC}") = "GroupProject", "GroupProject\GroupProject.csproj", "{22C94A3E-82E1-4E61-A94C-7FD90F3E2B34}"
EndProject
Global
	GlobalSection(SolutionConfigurationPlatforms) = preSolution
		Debug|Any CPU = Debug|Any CPU
		Release|Any CPU = Release|Any CPU
	EndGlobalSection
	GlobalSection(ProjectConfigurationPlatforms) = postSolution
		{22C94A3E-82E1-4E61-A94C-7FD90F3E2B34}.Debug|Any CPU.ActiveCfg = Debug|Any CPU
		{22C94A3E-82E1-4E61-A94C-7FD90F3E2B34}.Debug|Any CPU.Build.0 = Debug|Any CPU
		{22C94A3E-82E1-4E61-A94C-7FD90F3E2B34}.Release|Any CPU.ActiveCfg = Release|Any CPU
		{22C94A3E-82E1-4E61-A94C-7FD90F3E2B34}.Release|Any CPU.Build.0 = Release|Any CPU
	EndGlobalSection
	GlobalSection(SolutionProperties) = preSolution
		HideSolutionNode = FALSE
	EndGlobalSection
	GlobalSection(ExtensibilityGlobals) = postSolution
		SolutionGuid = {80BE24F4-EB61-4888-B810-11F986AA0F5C}
	EndGlobalSection
EndGlobal
